{
  "requires": true,
  "lockfileVersion": 1,
  "dependencies": {
    "@types/chart.js": {
      "version": "2.9.20",
      "resolved": "https://registry.npmjs.org/@types/chart.js/-/chart.js-2.9.20.tgz",
      "integrity": "sha512-Xv4dd+DYqtTdUWbDIwaDEFtUIFwoQN44wiDDrWXdJtfGtOFlFIxXrsu8D+XJCS9o7mZbW29X8vPptwVrduz4JA==",
      "dev": true,
      "requires": {
        "moment": "^2.10.2"
      }
    },
    "moment": {
      "version": "2.25.3",
      "resolved": "https://registry.npmjs.org/moment/-/moment-2.25.3.tgz",
      "integrity": "sha512-PuYv0PHxZvzc15Sp8ybUCoQ+xpyPWvjOuK72a5ovzp2LI32rJXOiIfyoFoYvG3s6EwwrdkMyWuRiEHSZRLJNdg==",
      "dev": true
    }
  }
}
