{
  "requires": true,
  "lockfileVersion": 1,
  "dependencies": {
    "@types/chart.js": {
      "version": "2.9.20",
      "resolved": "https://registry.npmjs.org/@types/chart.js/-/chart.js-2.9.20.tgz",
      "integrity": "sha512-Xv4dd+DYqtTdUWbDIwaDEFtUIFwoQN44wiDDrWXdJtfGtOFlFIxXrsu8D+XJCS9o7mZbW29X8vPptwVrduz4JA==",
      "dev": true,
      "requires": {
        "moment": "^2.10.2"
      }
    },
    "moment": {
      "version": "2.29.2",
      "resolved": "https://registry.npmjs.org/moment/-/moment-2.29.2.tgz",
      "integrity": "sha512-UgzG4rvxYpN15jgCmVJwac49h9ly9NurikMWGPdVxm8GZD6XjkKPxDTjQQ43gtGgnV3X0cAyWDdP2Wexoquifg==",
      "dev": true
    }
  }
}
